// !$*UTF8*$!
{
	archiveVersion = 1;
	classes = {
	};
	objectVersion = 51;
	objects = {

/* Begin PBXBuildFile section */
		1C3D48F36381BF3D0F1E44A9 /* Pods_wipro_wiproUITests.framework in Frameworks */ = {isa = PBXBuildFile; fileRef = B2CD1764B253F3FA7032BD5A /* Pods_wipro_wiproUITests.framework */; };
		1FE04A7CF2EF44CBB7D65209 /* Pods_wiproTests.framework in Frameworks */ = {isa = PBXBuildFile; fileRef = 9E323097980CE4C6B56A778E /* Pods_wiproTests.framework */; };
		520E8F542405C1DF0062D53A /* DetailsVC.swift in Sources */ = {isa = PBXBuildFile; fileRef = 520E8F532405C1DF0062D53A /* DetailsVC.swift */; };
		520E8F572405C4390062D53A /* CustomIMG.swift in Sources */ = {isa = PBXBuildFile; fileRef = 520E8F562405C4390062D53A /* CustomIMG.swift */; };
		520E8F592405C7710062D53A /* LoaderView.swift in Sources */ = {isa = PBXBuildFile; fileRef = 520E8F582405C7710062D53A /* LoaderView.swift */; };
		5246C83F2404ED2A00183949 /* AppDelegate.swift in Sources */ = {isa = PBXBuildFile; fileRef = 5246C83E2404ED2A00183949 /* AppDelegate.swift */; };
		5246C8412404ED2A00183949 /* SceneDelegate.swift in Sources */ = {isa = PBXBuildFile; fileRef = 5246C8402404ED2A00183949 /* SceneDelegate.swift */; };
		5246C8432404ED2A00183949 /* ViewController.swift in Sources */ = {isa = PBXBuildFile; fileRef = 5246C8422404ED2A00183949 /* ViewController.swift */; };
		5246C8462404ED2A00183949 /* Main.storyboard in Resources */ = {isa = PBXBuildFile; fileRef = 5246C8442404ED2A00183949 /* Main.storyboard */; };
		5246C8492404ED2A00183949 /* wipro.xcdatamodeld in Sources */ = {isa = PBXBuildFile; fileRef = 5246C8472404ED2A00183949 /* wipro.xcdatamodeld */; };
		5246C84B2404ED2C00183949 /* Assets.xcassets in Resources */ = {isa = PBXBuildFile; fileRef = 5246C84A2404ED2C00183949 /* Assets.xcassets */; };
		5246C84E2404ED2C00183949 /* LaunchScreen.storyboard in Resources */ = {isa = PBXBuildFile; fileRef = 5246C84C2404ED2C00183949 /* LaunchScreen.storyboard */; };
		5246C8592404ED2D00183949 /* wiproTests.swift in Sources */ = {isa = PBXBuildFile; fileRef = 5246C8582404ED2D00183949 /* wiproTests.swift */; };
		5246C8642404ED2D00183949 /* wiproUITests.swift in Sources */ = {isa = PBXBuildFile; fileRef = 5246C8632404ED2D00183949 /* wiproUITests.swift */; };
		5246C8762404EDD300183949 /* Constants.swift in Sources */ = {isa = PBXBuildFile; fileRef = 5246C8752404EDD300183949 /* Constants.swift */; };
		5246C8792404F01700183949 /* MainVC.swift in Sources */ = {isa = PBXBuildFile; fileRef = 5246C8782404F01700183949 /* MainVC.swift */; };
		5246C87C2405021500183949 /* Layouts.swift in Sources */ = {isa = PBXBuildFile; fileRef = 5246C87B2405021500183949 /* Layouts.swift */; };
		5246C87E2405022800183949 /* MyExtensions.swift in Sources */ = {isa = PBXBuildFile; fileRef = 5246C87D2405022800183949 /* MyExtensions.swift */; };
		52F5A5632405AB8500380994 /* APIs.swift in Sources */ = {isa = PBXBuildFile; fileRef = 52F5A5622405AB8500380994 /* APIs.swift */; };
		52F5A5652405AE1000380994 /* MainTBLCell.swift in Sources */ = {isa = PBXBuildFile; fileRef = 52F5A5642405AE1000380994 /* MainTBLCell.swift */; };
		F6EF98C00B903A0B047B6585 /* Pods_wipro.framework in Frameworks */ = {isa = PBXBuildFile; fileRef = A0221051A43B05919B4F90C0 /* Pods_wipro.framework */; };
/* End PBXBuildFile section */

/* Begin PBXContainerItemProxy section */
		5246C8552404ED2D00183949 /* PBXContainerItemProxy */ = {
			isa = PBXContainerItemProxy;
			containerPortal = 5246C8332404ED2A00183949 /* Project object */;
			proxyType = 1;
			remoteGlobalIDString = 5246C83A2404ED2A00183949;
			remoteInfo = wipro;
		};
		5246C8602404ED2D00183949 /* PBXContainerItemProxy */ = {
			isa = PBXContainerItemProxy;
			containerPortal = 5246C8332404ED2A00183949 /* Project object */;
			proxyType = 1;
			remoteGlobalIDString = 5246C83A2404ED2A00183949;
			remoteInfo = wipro;
		};
/* End PBXContainerItemProxy section */

/* Begin PBXFileReference section */
		520E8F532405C1DF0062D53A /* DetailsVC.swift */ = {isa = PBXFileReference; lastKnownFileType = sourcecode.swift; path = DetailsVC.swift; sourceTree = "<group>"; };
		520E8F562405C4390062D53A /* CustomIMG.swift */ = {isa = PBXFileReference; lastKnownFileType = sourcecode.swift; path = CustomIMG.swift; sourceTree = "<group>"; };
		520E8F582405C7710062D53A /* LoaderView.swift */ = {isa = PBXFileReference; lastKnownFileType = sourcecode.swift; path = LoaderView.swift; sourceTree = "<group>"; };
		5246C83B2404ED2A00183949 /* wipro.app */ = {isa = PBXFileReference; explicitFileType = wrapper.application; includeInIndex = 0; path = wipro.app; sourceTree = BUILT_PRODUCTS_DIR; };
		5246C83E2404ED2A00183949 /* AppDelegate.swift */ = {isa = PBXFileReference; lastKnownFileType = sourcecode.swift; path = AppDelegate.swift; sourceTree = "<group>"; };
		5246C8402404ED2A00183949 /* SceneDelegate.swift */ = {isa = PBXFileReference; lastKnownFileType = sourcecode.swift; path = SceneDelegate.swift; sourceTree = "<group>"; };
		5246C8422404ED2A00183949 /* ViewController.swift */ = {isa = PBXFileReference; lastKnownFileType = sourcecode.swift; path = ViewController.swift; sourceTree = "<group>"; };
		5246C8452404ED2A00183949 /* Base */ = {isa = PBXFileReference; lastKnownFileType = file.storyboard; name = Base; path = Base.lproj/Main.storyboard; sourceTree = "<group>"; };
		5246C8482404ED2A00183949 /* wipro.xcdatamodel */ = {isa = PBXFileReference; lastKnownFileType = wrapper.xcdatamodel; path = wipro.xcdatamodel; sourceTree = "<group>"; };
		5246C84A2404ED2C00183949 /* Assets.xcassets */ = {isa = PBXFileReference; lastKnownFileType = folder.assetcatalog; path = Assets.xcassets; sourceTree = "<group>"; };
		5246C84D2404ED2C00183949 /* Base */ = {isa = PBXFileReference; lastKnownFileType = file.storyboard; name = Base; path = Base.lproj/LaunchScreen.storyboard; sourceTree = "<group>"; };
		5246C84F2404ED2C00183949 /* Info.plist */ = {isa = PBXFileReference; lastKnownFileType = text.plist.xml; path = Info.plist; sourceTree = "<group>"; };
		5246C8542404ED2D00183949 /* wiproTests.xctest */ = {isa = PBXFileReference; explicitFileType = wrapper.cfbundle; includeInIndex = 0; path = wiproTests.xctest; sourceTree = BUILT_PRODUCTS_DIR; };
		5246C8582404ED2D00183949 /* wiproTests.swift */ = {isa = PBXFileReference; lastKnownFileType = sourcecode.swift; path = wiproTests.swift; sourceTree = "<group>"; };
		5246C85A2404ED2D00183949 /* Info.plist */ = {isa = PBXFileReference; lastKnownFileType = text.plist.xml; path = Info.plist; sourceTree = "<group>"; };
		5246C85F2404ED2D00183949 /* wiproUITests.xctest */ = {isa = PBXFileReference; explicitFileType = wrapper.cfbundle; includeInIndex = 0; path = wiproUITests.xctest; sourceTree = BUILT_PRODUCTS_DIR; };
		5246C8632404ED2D00183949 /* wiproUITests.swift */ = {isa = PBXFileReference; lastKnownFileType = sourcecode.swift; path = wiproUITests.swift; sourceTree = "<group>"; };
		5246C8652404ED2D00183949 /* Info.plist */ = {isa = PBXFileReference; lastKnownFileType = text.plist.xml; path = Info.plist; sourceTree = "<group>"; };
		5246C8752404EDD300183949 /* Constants.swift */ = {isa = PBXFileReference; lastKnownFileType = sourcecode.swift; path = Constants.swift; sourceTree = "<group>"; };
		5246C8782404F01700183949 /* MainVC.swift */ = {isa = PBXFileReference; lastKnownFileType = sourcecode.swift; path = MainVC.swift; sourceTree = "<group>"; };
		5246C87B2405021500183949 /* Layouts.swift */ = {isa = PBXFileReference; lastKnownFileType = sourcecode.swift; path = Layouts.swift; sourceTree = "<group>"; };
		5246C87D2405022800183949 /* MyExtensions.swift */ = {isa = PBXFileReference; lastKnownFileType = sourcecode.swift; path = MyExtensions.swift; sourceTree = "<group>"; };
		52F5A5622405AB8500380994 /* APIs.swift */ = {isa = PBXFileReference; lastKnownFileType = sourcecode.swift; path = APIs.swift; sourceTree = "<group>"; };
		52F5A5642405AE1000380994 /* MainTBLCell.swift */ = {isa = PBXFileReference; lastKnownFileType = sourcecode.swift; path = MainTBLCell.swift; sourceTree = "<group>"; };
		759004347430A195E7E1A578 /* Pods-wipro-wiproUITests.release.xcconfig */ = {isa = PBXFileReference; includeInIndex = 1; lastKnownFileType = text.xcconfig; name = "Pods-wipro-wiproUITests.release.xcconfig"; path = "Target Support Files/Pods-wipro-wiproUITests/Pods-wipro-wiproUITests.release.xcconfig"; sourceTree = "<group>"; };
		92453CDF63D62BC53BC9FD1F /* Pods-wiproTests.debug.xcconfig */ = {isa = PBXFileReference; includeInIndex = 1; lastKnownFileType = text.xcconfig; name = "Pods-wiproTests.debug.xcconfig"; path = "Target Support Files/Pods-wiproTests/Pods-wiproTests.debug.xcconfig"; sourceTree = "<group>"; };
		9829C5055F4028BD1B62D02E /* Pods-wipro.release.xcconfig */ = {isa = PBXFileReference; includeInIndex = 1; lastKnownFileType = text.xcconfig; name = "Pods-wipro.release.xcconfig"; path = "Target Support Files/Pods-wipro/Pods-wipro.release.xcconfig"; sourceTree = "<group>"; };
		9AAD5FFFCCF7955ED33BC3BF /* Pods-wipro-wiproUITests.debug.xcconfig */ = {isa = PBXFileReference; includeInIndex = 1; lastKnownFileType = text.xcconfig; name = "Pods-wipro-wiproUITests.debug.xcconfig"; path = "Target Support Files/Pods-wipro-wiproUITests/Pods-wipro-wiproUITests.debug.xcconfig"; sourceTree = "<group>"; };
		9DA0396D290E059B5D0D237D /* Pods-wipro.debug.xcconfig */ = {isa = PBXFileReference; includeInIndex = 1; lastKnownFileType = text.xcconfig; name = "Pods-wipro.debug.xcconfig"; path = "Target Support Files/Pods-wipro/Pods-wipro.debug.xcconfig"; sourceTree = "<group>"; };
		9E323097980CE4C6B56A778E /* Pods_wiproTests.framework */ = {isa = PBXFileReference; explicitFileType = wrapper.framework; includeInIndex = 0; path = Pods_wiproTests.framework; sourceTree = BUILT_PRODUCTS_DIR; };
		A0221051A43B05919B4F90C0 /* Pods_wipro.framework */ = {isa = PBXFileReference; explicitFileType = wrapper.framework; includeInIndex = 0; path = Pods_wipro.framework; sourceTree = BUILT_PRODUCTS_DIR; };
		B2CD1764B253F3FA7032BD5A /* Pods_wipro_wiproUITests.framework */ = {isa = PBXFileReference; explicitFileType = wrapper.framework; includeInIndex = 0; path = Pods_wipro_wiproUITests.framework; sourceTree = BUILT_PRODUCTS_DIR; };
		C1ACBE6CCC368CADA05862AC /* Pods-wiproTests.release.xcconfig */ = {isa = PBXFileReference; includeInIndex = 1; lastKnownFileType = text.xcconfig; name = "Pods-wiproTests.release.xcconfig"; path = "Target Support Files/Pods-wiproTests/Pods-wiproTests.release.xcconfig"; sourceTree = "<group>"; };
/* End PBXFileReference section */

/* Begin PBXFrameworksBuildPhase section */
		5246C8382404ED2A00183949 /* Frameworks */ = {
			isa = PBXFrameworksBuildPhase;
			buildActionMask = 2147483647;
			files = (
				F6EF98C00B903A0B047B6585 /* Pods_wipro.framework in Frameworks */,
			);
			runOnlyForDeploymentPostprocessing = 0;
		};
		5246C8512404ED2D00183949 /* Frameworks */ = {
			isa = PBXFrameworksBuildPhase;
			buildActionMask = 2147483647;
			files = (
				1FE04A7CF2EF44CBB7D65209 /* Pods_wiproTests.framework in Frameworks */,
			);
			runOnlyForDeploymentPostprocessing = 0;
		};
		5246C85C2404ED2D00183949 /* Frameworks */ = {
			isa = PBXFrameworksBuildPhase;
			buildActionMask = 2147483647;
			files = (
				1C3D48F36381BF3D0F1E44A9 /* Pods_wipro_wiproUITests.framework in Frameworks */,
			);
			runOnlyForDeploymentPostprocessing = 0;
		};
/* End PBXFrameworksBuildPhase section */

/* Begin PBXGroup section */
		2E3DB1AB1E5BCED91F9A6EA2 /* Pods */ = {
			isa = PBXGroup;
			children = (
				9DA0396D290E059B5D0D237D /* Pods-wipro.debug.xcconfig */,
				9829C5055F4028BD1B62D02E /* Pods-wipro.release.xcconfig */,
				9AAD5FFFCCF7955ED33BC3BF /* Pods-wipro-wiproUITests.debug.xcconfig */,
				759004347430A195E7E1A578 /* Pods-wipro-wiproUITests.release.xcconfig */,
				92453CDF63D62BC53BC9FD1F /* Pods-wiproTests.debug.xcconfig */,
				C1ACBE6CCC368CADA05862AC /* Pods-wiproTests.release.xcconfig */,
			);
			path = Pods;
			sourceTree = "<group>";
		};
		35D9FABA26C4317BF7CBE6F1 /* Frameworks */ = {
			isa = PBXGroup;
			children = (
				A0221051A43B05919B4F90C0 /* Pods_wipro.framework */,
				B2CD1764B253F3FA7032BD5A /* Pods_wipro_wiproUITests.framework */,
				9E323097980CE4C6B56A778E /* Pods_wiproTests.framework */,
			);
			name = Frameworks;
			sourceTree = "<group>";
		};
		520E8F552405C4230062D53A /* Components */ = {
			isa = PBXGroup;
			children = (
				520E8F562405C4390062D53A /* CustomIMG.swift */,
				520E8F582405C7710062D53A /* LoaderView.swift */,
			);
			path = Components;
			sourceTree = "<group>";
		};
		5246C8322404ED2A00183949 = {
			isa = PBXGroup;
			children = (
				5246C83D2404ED2A00183949 /* wipro */,
				5246C8572404ED2D00183949 /* wiproTests */,
				5246C8622404ED2D00183949 /* wiproUITests */,
				5246C83C2404ED2A00183949 /* Products */,
				2E3DB1AB1E5BCED91F9A6EA2 /* Pods */,
				35D9FABA26C4317BF7CBE6F1 /* Frameworks */,
			);
			sourceTree = "<group>";
		};
		5246C83C2404ED2A00183949 /* Products */ = {
			isa = PBXGroup;
			children = (
				5246C83B2404ED2A00183949 /* wipro.app */,
				5246C8542404ED2D00183949 /* wiproTests.xctest */,
				5246C85F2404ED2D00183949 /* wiproUITests.xctest */,
			);
			name = Products;
			sourceTree = "<group>";
		};
		5246C83D2404ED2A00183949 /* wipro */ = {
			isa = PBXGroup;
			children = (
				5246C8722404EDA800183949 /* Utils */,
				5246C8712404EDA000183949 /* Controllers */,
				5246C83E2404ED2A00183949 /* AppDelegate.swift */,
				5246C8402404ED2A00183949 /* SceneDelegate.swift */,
				5246C8422404ED2A00183949 /* ViewController.swift */,
				5246C8442404ED2A00183949 /* Main.storyboard */,
				5246C84A2404ED2C00183949 /* Assets.xcassets */,
				5246C84C2404ED2C00183949 /* LaunchScreen.storyboard */,
				5246C84F2404ED2C00183949 /* Info.plist */,
				5246C8472404ED2A00183949 /* wipro.xcdatamodeld */,
			);
			path = wipro;
			sourceTree = "<group>";
		};
		5246C8572404ED2D00183949 /* wiproTests */ = {
			isa = PBXGroup;
			children = (
				5246C8582404ED2D00183949 /* wiproTests.swift */,
				5246C85A2404ED2D00183949 /* Info.plist */,
			);
			path = wiproTests;
			sourceTree = "<group>";
		};
		5246C8622404ED2D00183949 /* wiproUITests */ = {
			isa = PBXGroup;
			children = (
				5246C8632404ED2D00183949 /* wiproUITests.swift */,
				5246C8652404ED2D00183949 /* Info.plist */,
			);
			path = wiproUITests;
			sourceTree = "<group>";
		};
		5246C8712404EDA000183949 /* Controllers */ = {
			isa = PBXGroup;
			children = (
				5246C87A2404F01A00183949 /* Cells */,
				5246C8782404F01700183949 /* MainVC.swift */,
				520E8F532405C1DF0062D53A /* DetailsVC.swift */,
			);
			path = Controllers;
			sourceTree = "<group>";
		};
		5246C8722404EDA800183949 /* Utils */ = {
			isa = PBXGroup;
			children = (
				520E8F552405C4230062D53A /* Components */,
				5246C8772404EDF100183949 /* Extensions */,
				5246C8752404EDD300183949 /* Constants.swift */,
				52F5A5622405AB8500380994 /* APIs.swift */,
			);
			path = Utils;
			sourceTree = "<group>";
		};
		5246C8772404EDF100183949 /* Extensions */ = {
			isa = PBXGroup;
			children = (
				5246C87B2405021500183949 /* Layouts.swift */,
				5246C87D2405022800183949 /* MyExtensions.swift */,
			);
			path = Extensions;
			sourceTree = "<group>";
		};
		5246C87A2404F01A00183949 /* Cells */ = {
			isa = PBXGroup;
			children = (
				52F5A5642405AE1000380994 /* MainTBLCell.swift */,
			);
			path = Cells;
			sourceTree = "<group>";
		};
/* End PBXGroup section */

/* Begin PBXNativeTarget section */
		5246C83A2404ED2A00183949 /* wipro */ = {
			isa = PBXNativeTarget;
			buildConfigurationList = 5246C8682404ED2D00183949 /* Build configuration list for PBXNativeTarget "wipro" */;
			buildPhases = (
				689B31B32A8EB5A2639B02B9 /* [CP] Check Pods Manifest.lock */,
				5246C8372404ED2A00183949 /* Sources */,
				5246C8382404ED2A00183949 /* Frameworks */,
				5246C8392404ED2A00183949 /* Resources */,
				C95FC64983DC593E1525634C /* [CP] Embed Pods Frameworks */,
			);
			buildRules = (
			);
			dependencies = (
			);
			name = wipro;
			productName = wipro;
			productReference = 5246C83B2404ED2A00183949 /* wipro.app */;
			productType = "com.apple.product-type.application";
		};
		5246C8532404ED2D00183949 /* wiproTests */ = {
			isa = PBXNativeTarget;
			buildConfigurationList = 5246C86B2404ED2D00183949 /* Build configuration list for PBXNativeTarget "wiproTests" */;
			buildPhases = (
				9F67D7C011C9812D1EBEBDE4 /* [CP] Check Pods Manifest.lock */,
				5246C8502404ED2D00183949 /* Sources */,
				5246C8512404ED2D00183949 /* Frameworks */,
				5246C8522404ED2D00183949 /* Resources */,
			);
			buildRules = (
			);
			dependencies = (
				5246C8562404ED2D00183949 /* PBXTargetDependency */,
			);
			name = wiproTests;
			productName = wiproTests;
			productReference = 5246C8542404ED2D00183949 /* wiproTests.xctest */;
			productType = "com.apple.product-type.bundle.unit-test";
		};
		5246C85E2404ED2D00183949 /* wiproUITests */ = {
			isa = PBXNativeTarget;
			buildConfigurationList = 5246C86E2404ED2D00183949 /* Build configuration list for PBXNativeTarget "wiproUITests" */;
			buildPhases = (
				C7386DF578D34EE28DD1BDBC /* [CP] Check Pods Manifest.lock */,
				5246C85B2404ED2D00183949 /* Sources */,
				5246C85C2404ED2D00183949 /* Frameworks */,
				5246C85D2404ED2D00183949 /* Resources */,
				8A8FB856D0F386CDD75F7BD9 /* [CP] Embed Pods Frameworks */,
			);
			buildRules = (
			);
			dependencies = (
				5246C8612404ED2D00183949 /* PBXTargetDependency */,
			);
			name = wiproUITests;
			productName = wiproUITests;
			productReference = 5246C85F2404ED2D00183949 /* wiproUITests.xctest */;
			productType = "com.apple.product-type.bundle.ui-testing";
		};
/* End PBXNativeTarget section */

/* Begin PBXProject section */
		5246C8332404ED2A00183949 /* Project object */ = {
			isa = PBXProject;
			attributes = {
				LastSwiftUpdateCheck = 1130;
				LastUpgradeCheck = 1130;
				ORGANIZATIONNAME = John;
				TargetAttributes = {
					5246C83A2404ED2A00183949 = {
						CreatedOnToolsVersion = 11.3.1;
					};
					5246C8532404ED2D00183949 = {
						CreatedOnToolsVersion = 11.3.1;
						TestTargetID = 5246C83A2404ED2A00183949;
					};
					5246C85E2404ED2D00183949 = {
						CreatedOnToolsVersion = 11.3.1;
						TestTargetID = 5246C83A2404ED2A00183949;
					};
				};
			};
			buildConfigurationList = 5246C8362404ED2A00183949 /* Build configuration list for PBXProject "wipro" */;
			compatibilityVersion = "Xcode 9.3";
			developmentRegion = en;
			hasScannedForEncodings = 0;
			knownRegions = (
				en,
				Base,
			);
			mainGroup = 5246C8322404ED2A00183949;
			productRefGroup = 5246C83C2404ED2A00183949 /* Products */;
			projectDirPath = "";
			projectRoot = "";
			targets = (
				5246C83A2404ED2A00183949 /* wipro */,
				5246C8532404ED2D00183949 /* wiproTests */,
				5246C85E2404ED2D00183949 /* wiproUITests */,
			);
		};
/* End PBXProject section */

/* Begin PBXResourcesBuildPhase section */
		5246C8392404ED2A00183949 /* Resources */ = {
			isa = PBXResourcesBuildPhase;
			buildActionMask = 2147483647;
			files = (
				5246C84E2404ED2C00183949 /* LaunchScreen.storyboard in Resources */,
				5246C84B2404ED2C00183949 /* Assets.xcassets in Resources */,
				5246C8462404ED2A00183949 /* Main.storyboard in Resources */,
			);
			runOnlyForDeploymentPostprocessing = 0;
		};
		5246C8522404ED2D00183949 /* Resources */ = {
			isa = PBXResourcesBuildPhase;
			buildActionMask = 2147483647;
			files = (
			);
			runOnlyForDeploymentPostprocessing = 0;
		};
		5246C85D2404ED2D00183949 /* Resources */ = {
			isa = PBXResourcesBuildPhase;
			buildActionMask = 2147483647;
			files = (
			);
			runOnlyForDeploymentPostprocessing = 0;
		};
/* End PBXResourcesBuildPhase section */

/* Begin PBXShellScriptBuildPhase section */
		689B31B32A8EB5A2639B02B9 /* [CP] Check Pods Manifest.lock */ = {
			isa = PBXShellScriptBuildPhase;
			buildActionMask = 2147483647;
			files = (
			);
			inputFileListPaths = (
			);
			inputPaths = (
				"${PODS_PODFILE_DIR_PATH}/Podfile.lock",
				"${PODS_ROOT}/Manifest.lock",
			);
			name = "[CP] Check Pods Manifest.lock";
			outputFileListPaths = (
			);
			outputPaths = (
				"$(DERIVED_FILE_DIR)/Pods-wipro-checkManifestLockResult.txt",
			);
			runOnlyForDeploymentPostprocessing = 0;
			shellPath = /bin/sh;
			shellScript = "diff \"${PODS_PODFILE_DIR_PATH}/Podfile.lock\" \"${PODS_ROOT}/Manifest.lock\" > /dev/null\nif [ $? != 0 ] ; then\n    # print error to STDERR\n    echo \"error: The sandbox is not in sync with the Podfile.lock. Run 'pod install' or update your CocoaPods installation.\" >&2\n    exit 1\nfi\n# This output is used by Xcode 'outputs' to avoid re-running this script phase.\necho \"SUCCESS\" > \"${SCRIPT_OUTPUT_FILE_0}\"\n";
			showEnvVarsInLog = 0;
		};
		8A8FB856D0F386CDD75F7BD9 /* [CP] Embed Pods Frameworks */ = {
			isa = PBXShellScriptBuildPhase;
			buildActionMask = 2147483647;
			files = (
			);
			inputFileListPaths = (
				"${PODS_ROOT}/Target Support Files/Pods-wipro-wiproUITests/Pods-wipro-wiproUITests-frameworks-${CONFIGURATION}-input-files.xcfilelist",
			);
			name = "[CP] Embed Pods Frameworks";
			outputFileListPaths = (
				"${PODS_ROOT}/Target Support Files/Pods-wipro-wiproUITests/Pods-wipro-wiproUITests-frameworks-${CONFIGURATION}-output-files.xcfilelist",
			);
			runOnlyForDeploymentPostprocessing = 0;
			shellPath = /bin/sh;
			shellScript = "\"${PODS_ROOT}/Target Support Files/Pods-wipro-wiproUITests/Pods-wipro-wiproUITests-frameworks.sh\"\n";
			showEnvVarsInLog = 0;
		};
		9F67D7C011C9812D1EBEBDE4 /* [CP] Check Pods Manifest.lock */ = {
			isa = PBXShellScriptBuildPhase;
			buildActionMask = 2147483647;
			files = (
			);
			inputFileListPaths = (
			);
			inputPaths = (
				"${PODS_PODFILE_DIR_PATH}/Podfile.lock",
				"${PODS_ROOT}/Manifest.lock",
			);
			name = "[CP] Check Pods Manifest.lock";
			outputFileListPaths = (
			);
			outputPaths = (
				"$(DERIVED_FILE_DIR)/Pods-wiproTests-checkManifestLockResult.txt",
			);
			runOnlyForDeploymentPostprocessing = 0;
			shellPath = /bin/sh;
			shellScript = "diff \"${PODS_PODFILE_DIR_PATH}/Podfile.lock\" \"${PODS_ROOT}/Manifest.lock\" > /dev/null\nif [ $? != 0 ] ; then\n    # print error to STDERR\n    echo \"error: The sandbox is not in sync with the Podfile.lock. Run 'pod install' or update your CocoaPods installation.\" >&2\n    exit 1\nfi\n# This output is used by Xcode 'outputs' to avoid re-running this script phase.\necho \"SUCCESS\" > \"${SCRIPT_OUTPUT_FILE_0}\"\n";
			showEnvVarsInLog = 0;
		};
		C7386DF578D34EE28DD1BDBC /* [CP] Check Pods Manifest.lock */ = {
			isa = PBXShellScriptBuildPhase;
			buildActionMask = 2147483647;
			files = (
			);
			inputFileListPaths = (
			);
			inputPaths = (
				"${PODS_PODFILE_DIR_PATH}/Podfile.lock",
				"${PODS_ROOT}/Manifest.lock",
			);
			name = "[CP] Check Pods Manifest.lock";
			outputFileListPaths = (
			);
			outputPaths = (
				"$(DERIVED_FILE_DIR)/Pods-wipro-wiproUITests-checkManifestLockResult.txt",
			);
			runOnlyForDeploymentPostprocessing = 0;
			shellPath = /bin/sh;
			shellScript = "diff \"${PODS_PODFILE_DIR_PATH}/Podfile.lock\" \"${PODS_ROOT}/Manifest.lock\" > /dev/null\nif [ $? != 0 ] ; then\n    # print error to STDERR\n    echo \"error: The sandbox is not in sync with the Podfile.lock. Run 'pod install' or update your CocoaPods installation.\" >&2\n    exit 1\nfi\n# This output is used by Xcode 'outputs' to avoid re-running this script phase.\necho \"SUCCESS\" > \"${SCRIPT_OUTPUT_FILE_0}\"\n";
			showEnvVarsInLog = 0;
		};
		C95FC64983DC593E1525634C /* [CP] Embed Pods Frameworks */ = {
			isa = PBXShellScriptBuildPhase;
			buildActionMask = 2147483647;
			files = (
			);
			inputFileListPaths = (
				"${PODS_ROOT}/Target Support Files/Pods-wipro/Pods-wipro-frameworks-${CONFIGURATION}-input-files.xcfilelist",
			);
			name = "[CP] Embed Pods Frameworks";
			outputFileListPaths = (
				"${PODS_ROOT}/Target Support Files/Pods-wipro/Pods-wipro-frameworks-${CONFIGURATION}-output-files.xcfilelist",
			);
			runOnlyForDeploymentPostprocessing = 0;
			shellPath = /bin/sh;
			shellScript = "\"${PODS_ROOT}/Target Support Files/Pods-wipro/Pods-wipro-frameworks.sh\"\n";
			showEnvVarsInLog = 0;
		};
/* End PBXShellScriptBuildPhase section */

/* Begin PBXSourcesBuildPhase section */
		5246C8372404ED2A00183949 /* Sources */ = {
			isa = PBXSourcesBuildPhase;
			buildActionMask = 2147483647;
			files = (
				5246C8762404EDD300183949 /* Constants.swift in Sources */,
				52F5A5652405AE1000380994 /* MainTBLCell.swift in Sources */,
				5246C87C2405021500183949 /* Layouts.swift in Sources */,
				520E8F592405C7710062D53A /* LoaderView.swift in Sources */,
				5246C8792404F01700183949 /* MainVC.swift in Sources */,
				5246C87E2405022800183949 /* MyExtensions.swift in Sources */,
				5246C8432404ED2A00183949 /* ViewController.swift in Sources */,
				5246C83F2404ED2A00183949 /* AppDelegate.swift in Sources */,
				5246C8412404ED2A00183949 /* SceneDelegate.swift in Sources */,
				52F5A5632405AB8500380994 /* APIs.swift in Sources */,
				5246C8492404ED2A00183949 /* wipro.xcdatamodeld in Sources */,
				520E8F572405C4390062D53A /* CustomIMG.swift in Sources */,
				520E8F542405C1DF0062D53A /* DetailsVC.swift in Sources */,
			);
			runOnlyForDeploymentPostprocessing = 0;
		};
		5246C8502404ED2D00183949 /* Sources */ = {
			isa = PBXSourcesBuildPhase;
			buildActionMask = 2147483647;
			files = (
				5246C8592404ED2D00183949 /* wiproTests.swift in Sources */,
			);
			runOnlyForDeploymentPostprocessing = 0;
		};
		5246C85B2404ED2D00183949 /* Sources */ = {
			isa = PBXSourcesBuildPhase;
			buildActionMask = 2147483647;
			files = (
				5246C8642404ED2D00183949 /* wiproUITests.swift in Sources */,
			);
			runOnlyForDeploymentPostprocessing = 0;
		};
/* End PBXSourcesBuildPhase section */

/* Begin PBXTargetDependency section */
		5246C8562404ED2D00183949 /* PBXTargetDependency */ = {
			isa = PBXTargetDependency;
			target = 5246C83A2404ED2A00183949 /* wipro */;
			targetProxy = 5246C8552404ED2D00183949 /* PBXContainerItemProxy */;
		};
		5246C8612404ED2D00183949 /* PBXTargetDependency */ = {
			isa = PBXTargetDependency;
			target = 5246C83A2404ED2A00183949 /* wipro */;
			targetProxy = 5246C8602404ED2D00183949 /* PBXContainerItemProxy */;
		};
/* End PBXTargetDependency section */

/* Begin PBXVariantGroup section */
		5246C8442404ED2A00183949 /* Main.storyboard */ = {
			isa = PBXVariantGroup;
			children = (
				5246C8452404ED2A00183949 /* Base */,
			);
			name = Main.storyboard;
			sourceTree = "<group>";
		};
		5246C84C2404ED2C00183949 /* LaunchScreen.storyboard */ = {
			isa = PBXVariantGroup;
			children = (
				5246C84D2404ED2C00183949 /* Base */,
			);
			name = LaunchScreen.storyboard;
			sourceTree = "<group>";
		};
/* End PBXVariantGroup section */

/* Begin XCBuildConfiguration section */
		5246C8662404ED2D00183949 /* Debug */ = {
			isa = XCBuildConfiguration;
			buildSettings = {
				ALWAYS_SEARCH_USER_PATHS = NO;
				CLANG_ANALYZER_NONNULL = YES;
				CLANG_ANALYZER_NUMBER_OBJECT_CONVERSION = YES_AGGRESSIVE;
				CLANG_CXX_LANGUAGE_STANDARD = "gnu++14";
				CLANG_CXX_LIBRARY = "libc++";
				CLANG_ENABLE_MODULES = YES;
				CLANG_ENABLE_OBJC_ARC = YES;
				CLANG_ENABLE_OBJC_WEAK = YES;
				CLANG_WARN_BLOCK_CAPTURE_AUTORELEASING = YES;
				CLANG_WARN_BOOL_CONVERSION = YES;
				CLANG_WARN_COMMA = YES;
				CLANG_WARN_CONSTANT_CONVERSION = YES;
				CLANG_WARN_DEPRECATED_OBJC_IMPLEMENTATIONS = YES;
				CLANG_WARN_DIRECT_OBJC_ISA_USAGE = YES_ERROR;
				CLANG_WARN_DOCUMENTATION_COMMENTS = YES;
				CLANG_WARN_EMPTY_BODY = YES;
				CLANG_WARN_ENUM_CONVERSION = YES;
				CLANG_WARN_INFINITE_RECURSION = YES;
				CLANG_WARN_INT_CONVERSION = YES;
				CLANG_WARN_NON_LITERAL_NULL_CONVERSION = YES;
				CLANG_WARN_OBJC_IMPLICIT_RETAIN_SELF = YES;
				CLANG_WARN_OBJC_LITERAL_CONVERSION = YES;
				CLANG_WARN_OBJC_ROOT_CLASS = YES_ERROR;
				CLANG_WARN_RANGE_LOOP_ANALYSIS = YES;
				CLANG_WARN_STRICT_PROTOTYPES = YES;
				CLANG_WARN_SUSPICIOUS_MOVE = YES;
				CLANG_WARN_UNGUARDED_AVAILABILITY = YES_AGGRESSIVE;
				CLANG_WARN_UNREACHABLE_CODE = YES;
				CLANG_WARN__DUPLICATE_METHOD_MATCH = YES;
				COPY_PHASE_STRIP = NO;
				DEBUG_INFORMATION_FORMAT = dwarf;
				ENABLE_STRICT_OBJC_MSGSEND = YES;
				ENABLE_TESTABILITY = YES;
				GCC_C_LANGUAGE_STANDARD = gnu11;
				GCC_DYNAMIC_NO_PIC = NO;
				GCC_NO_COMMON_BLOCKS = YES;
				GCC_OPTIMIZATION_LEVEL = 0;
				GCC_PREPROCESSOR_DEFINITIONS = (
					"DEBUG=1",
					"$(inherited)",
				);
				GCC_WARN_64_TO_32_BIT_CONVERSION = YES;
				GCC_WARN_ABOUT_RETURN_TYPE = YES_ERROR;
				GCC_WARN_UNDECLARED_SELECTOR = YES;
				GCC_WARN_UNINITIALIZED_AUTOS = YES_AGGRESSIVE;
				GCC_WARN_UNUSED_FUNCTION = YES;
				GCC_WARN_UNUSED_VARIABLE = YES;
				IPHONEOS_DEPLOYMENT_TARGET = 13.2;
				MTL_ENABLE_DEBUG_INFO = INCLUDE_SOURCE;
				MTL_FAST_MATH = YES;
				ONLY_ACTIVE_ARCH = YES;
				SDKROOT = iphoneos;
				SWIFT_ACTIVE_COMPILATION_CONDITIONS = DEBUG;
				SWIFT_OPTIMIZATION_LEVEL = "-Onone";
			};
			name = Debug;
		};
		5246C8672404ED2D00183949 /* Release */ = {
			isa = XCBuildConfiguration;
			buildSettings = {
				ALWAYS_SEARCH_USER_PATHS = NO;
				CLANG_ANALYZER_NONNULL = YES;
				CLANG_ANALYZER_NUMBER_OBJECT_CONVERSION = YES_AGGRESSIVE;
				CLANG_CXX_LANGUAGE_STANDARD = "gnu++14";
				CLANG_CXX_LIBRARY = "libc++";
				CLANG_ENABLE_MODULES = YES;
				CLANG_ENABLE_OBJC_ARC = YES;
				CLANG_ENABLE_OBJC_WEAK = YES;
				CLANG_WARN_BLOCK_CAPTURE_AUTORELEASING = YES;
				CLANG_WARN_BOOL_CONVERSION = YES;
				CLANG_WARN_COMMA = YES;
				CLANG_WARN_CONSTANT_CONVERSION = YES;
				CLANG_WARN_DEPRECATED_OBJC_IMPLEMENTATIONS = YES;
				CLANG_WARN_DIRECT_OBJC_ISA_USAGE = YES_ERROR;
				CLANG_WARN_DOCUMENTATION_COMMENTS = YES;
				CLANG_WARN_EMPTY_BODY = YES;
				CLANG_WARN_ENUM_CONVERSION = YES;
				CLANG_WARN_INFINITE_RECURSION = YES;
				CLANG_WARN_INT_CONVERSION = YES;
				CLANG_WARN_NON_LITERAL_NULL_CONVERSION = YES;
				CLANG_WARN_OBJC_IMPLICIT_RETAIN_SELF = YES;
				CLANG_WARN_OBJC_LITERAL_CONVERSION = YES;
				CLANG_WARN_OBJC_ROOT_CLASS = YES_ERROR;
				CLANG_WARN_RANGE_LOOP_ANALYSIS = YES;
				CLANG_WARN_STRICT_PROTOTYPES = YES;
				CLANG_WARN_SUSPICIOUS_MOVE = YES;
				CLANG_WARN_UNGUARDED_AVAILABILITY = YES_AGGRESSIVE;
				CLANG_WARN_UNREACHABLE_CODE = YES;
				CLANG_WARN__DUPLICATE_METHOD_MATCH = YES;
				COPY_PHASE_STRIP = NO;
				DEBUG_INFORMATION_FORMAT = "dwarf-with-dsym";
				ENABLE_NS_ASSERTIONS = NO;
				ENABLE_STRICT_OBJC_MSGSEND = YES;
				GCC_C_LANGUAGE_STANDARD = gnu11;
				GCC_NO_COMMON_BLOCKS = YES;
				GCC_WARN_64_TO_32_BIT_CONVERSION = YES;
				GCC_WARN_ABOUT_RETURN_TYPE = YES_ERROR;
				GCC_WARN_UNDECLARED_SELECTOR = YES;
				GCC_WARN_UNINITIALIZED_AUTOS = YES_AGGRESSIVE;
				GCC_WARN_UNUSED_FUNCTION = YES;
				GCC_WARN_UNUSED_VARIABLE = YES;
				IPHONEOS_DEPLOYMENT_TARGET = 13.2;
				MTL_ENABLE_DEBUG_INFO = NO;
				MTL_FAST_MATH = YES;
				SDKROOT = iphoneos;
				SWIFT_COMPILATION_MODE = wholemodule;
				SWIFT_OPTIMIZATION_LEVEL = "-O";
				VALIDATE_PRODUCT = YES;
			};
			name = Release;
		};
		5246C8692404ED2D00183949 /* Debug */ = {
			isa = XCBuildConfiguration;
			baseConfigurationReference = 9DA0396D290E059B5D0D237D /* Pods-wipro.debug.xcconfig */;
			buildSettings = {
				ASSETCATALOG_COMPILER_APPICON_NAME = AppIcon;
				CODE_SIGN_STYLE = Automatic;
				DEVELOPMENT_TEAM = BAASAW649N;
				INFOPLIST_FILE = wipro/Info.plist;
				IPHONEOS_DEPLOYMENT_TARGET = 11.0;
				LD_RUNPATH_SEARCH_PATHS = (
					"$(inherited)",
					"@executable_path/Frameworks",
				);
				PRODUCT_BUNDLE_IDENTIFIER = com.jeplin.wipro;
				PRODUCT_NAME = "$(TARGET_NAME)";
				SWIFT_VERSION = 5.0;
				TARGETED_DEVICE_FAMILY = "1,2";
			};
			name = Debug;
		};
		5246C86A2404ED2D00183949 /* Release */ = {
			isa = XCBuildConfiguration;
			baseConfigurationReference = 9829C5055F4028BD1B62D02E /* Pods-wipro.release.xcconfig */;
			buildSettings = {
				ASSETCATALOG_COMPILER_APPICON_NAME = AppIcon;
				CODE_SIGN_STYLE = Automatic;
				DEVELOPMENT_TEAM = BAASAW649N;
				INFOPLIST_FILE = wipro/Info.plist;
				IPHONEOS_DEPLOYMENT_TARGET = 11.0;
				LD_RUNPATH_SEARCH_PATHS = (
					"$(inherited)",
					"@executable_path/Frameworks",
				);
				PRODUCT_BUNDLE_IDENTIFIER = com.jeplin.wipro;
				PRODUCT_NAME = "$(TARGET_NAME)";
				SWIFT_VERSION = 5.0;
				TARGETED_DEVICE_FAMILY = "1,2";
			};
			name = Release;
		};
		5246C86C2404ED2D00183949 /* Debug */ = {
			isa = XCBuildConfiguration;
			baseConfigurationReference = 92453CDF63D62BC53BC9FD1F /* Pods-wiproTests.debug.xcconfig */;
			buildSettings = {
				ALWAYS_EMBED_SWIFT_STANDARD_LIBRARIES = YES;
				BUNDLE_LOADER = "$(TEST_HOST)";
				CODE_SIGN_STYLE = Automatic;
				DEVELOPMENT_TEAM = BAASAW649N;
				INFOPLIST_FILE = wiproTests/Info.plist;
				IPHONEOS_DEPLOYMENT_TARGET = 13.2;
				LD_RUNPATH_SEARCH_PATHS = (
					"$(inherited)",
					"@executable_path/Frameworks",
					"@loader_path/Frameworks",
				);
				PRODUCT_BUNDLE_IDENTIFIER = com.jeplin.wiproTests;
				PRODUCT_NAME = "$(TARGET_NAME)";
				SWIFT_VERSION = 5.0;
				TARGETED_DEVICE_FAMILY = "1,2";
				TEST_HOST = "$(BUILT_PRODUCTS_DIR)/wipro.app/wipro";
			};
			name = Debug;
		};
		5246C86D2404ED2D00183949 /* Release */ = {
			isa = XCBuildConfiguration;
			baseConfigurationReference = C1ACBE6CCC368CADA05862AC /* Pods-wiproTests.release.xcconfig */;
			buildSettings = {
				ALWAYS_EMBED_SWIFT_STANDARD_LIBRARIES = YES;
				BUNDLE_LOADER = "$(TEST_HOST)";
				CODE_SIGN_STYLE = Automatic;
				DEVELOPMENT_TEAM = BAASAW649N;
				INFOPLIST_FILE = wiproTests/Info.plist;
				IPHONEOS_DEPLOYMENT_TARGET = 13.2;
				LD_RUNPATH_SEARCH_PATHS = (
					"$(inherited)",
					"@executable_path/Frameworks",
					"@loader_path/Frameworks",
				);
				PRODUCT_BUNDLE_IDENTIFIER = com.jeplin.wiproTests;
				PRODUCT_NAME = "$(TARGET_NAME)";
				SWIFT_VERSION = 5.0;
				TARGETED_DEVICE_FAMILY = "1,2";
				TEST_HOST = "$(BUILT_PRODUCTS_DIR)/wipro.app/wipro";
			};
			name = Release;
		};
		5246C86F2404ED2D00183949 /* Debug */ = {
			isa = XCBuildConfiguration;
			baseConfigurationReference = 9AAD5FFFCCF7955ED33BC3BF /* Pods-wipro-wiproUITests.debug.xcconfig */;
			buildSettings = {
				ALWAYS_EMBED_SWIFT_STANDARD_LIBRARIES = YES;
				CODE_SIGN_STYLE = Automatic;
				DEVELOPMENT_TEAM = BAASAW649N;
				INFOPLIST_FILE = wiproUITests/Info.plist;
				LD_RUNPATH_SEARCH_PATHS = (
					"$(inherited)",
					"@executable_path/Frameworks",
					"@loader_path/Frameworks",
				);
				PRODUCT_BUNDLE_IDENTIFIER = com.jeplin.wiproUITests;
				PRODUCT_NAME = "$(TARGET_NAME)";
				SWIFT_VERSION = 5.0;
				TARGETED_DEVICE_FAMILY = "1,2";
				TEST_TARGET_NAME = wipro;
			};
			name = Debug;
		};
		5246C8702404ED2D00183949 /* Release */ = {
			isa = XCBuildConfiguration;
			baseConfigurationReference = 759004347430A195E7E1A578 /* Pods-wipro-wiproUITests.release.xcconfig */;
			buildSettings = {
				ALWAYS_EMBED_SWIFT_STANDARD_LIBRARIES = YES;
				CODE_SIGN_STYLE = Automatic;
				DEVELOPMENT_TEAM = BAASAW649N;
				INFOPLIST_FILE = wiproUITests/Info.plist;
				LD_RUNPATH_SEARCH_PATHS = (
					"$(inherited)",
					"@executable_path/Frameworks",
					"@loader_path/Frameworks",
				);
				PRODUCT_BUNDLE_IDENTIFIER = com.jeplin.wiproUITests;
				PRODUCT_NAME = "$(TARGET_NAME)";
				SWIFT_VERSION = 5.0;
				TARGETED_DEVICE_FAMILY = "1,2";
				TEST_TARGET_NAME = wipro;
			};
			name = Release;
		};
/* End XCBuildConfiguration section */

/* Begin XCConfigurationList section */
		5246C8362404ED2A00183949 /* Build configuration list for PBXProject "wipro" */ = {
			isa = XCConfigurationList;
			buildConfigurations = (
				5246C8662404ED2D00183949 /* Debug */,
				5246C8672404ED2D00183949 /* Release */,
			);
			defaultConfigurationIsVisible = 0;
			defaultConfigurationName = Release;
		};
		5246C8682404ED2D00183949 /* Build configuration list for PBXNativeTarget "wipro" */ = {
			isa = XCConfigurationList;
			buildConfigurations = (
				5246C8692404ED2D00183949 /* Debug */,
				5246C86A2404ED2D00183949 /* Release */,
			);
			defaultConfigurationIsVisible = 0;
			defaultConfigurationName = Release;
		};
		5246C86B2404ED2D00183949 /* Build configuration list for PBXNativeTarget "wiproTests" */ = {
			isa = XCConfigurationList;
			buildConfigurations = (
				5246C86C2404ED2D00183949 /* Debug */,
				5246C86D2404ED2D00183949 /* Release */,
			);
			defaultConfigurationIsVisible = 0;
			defaultConfigurationName = Release;
		};
		5246C86E2404ED2D00183949 /* Build configuration list for PBXNativeTarget "wiproUITests" */ = {
			isa = XCConfigurationList;
			buildConfigurations = (
				5246C86F2404ED2D00183949 /* Debug */,
				5246C8702404ED2D00183949 /* Release */,
			);
			defaultConfigurationIsVisible = 0;
			defaultConfigurationName = Release;
		};
/* End XCConfigurationList section */

/* Begin XCVersionGroup section */
		5246C8472404ED2A00183949 /* wipro.xcdatamodeld */ = {
			isa = XCVersionGroup;
			children = (
				5246C8482404ED2A00183949 /* wipro.xcdatamodel */,
			);
			currentVersion = 5246C8482404ED2A00183949 /* wipro.xcdatamodel */;
			path = wipro.xcdatamodeld;
			sourceTree = "<group>";
			versionGroupType = wrapper.xcdatamodel;
		};
/* End XCVersionGroup section */
	};
	rootObject = 5246C8332404ED2A00183949 /* Project object */;
}
