// !$*UTF8*$!
{
	archiveVersion = 1;
	classes = {
	};
	objectVersion = 50;
	objects = {

/* Begin PBXBuildFile section */
		5246C83F2404ED2A00183949 /* AppDelegate.swift in Sources */ = {isa = PBXBuildFile; fileRef = 5246C83E2404ED2A00183949 /* AppDelegate.swift */; };
		5246C8412404ED2A00183949 /* SceneDelegate.swift in Sources */ = {isa = PBXBuildFile; fileRef = 5246C8402404ED2A00183949 /* SceneDelegate.swift */; };
		5246C8432404ED2A00183949 /* ViewController.swift in Sources */ = {isa = PBXBuildFile; fileRef = 5246C8422404ED2A00183949 /* ViewController.swift */; };
		5246C8462404ED2A00183949 /* Main.storyboard in Resources */ = {isa = PBXBuildFile; fileRef = 5246C8442404ED2A00183949 /* Main.storyboard */; };
		5246C8492404ED2A00183949 /* wipro.xcdatamodeld in Sources */ = {isa = PBXBuildFile; fileRef = 5246C8472404ED2A00183949 /* wipro.xcdatamodeld */; };
		5246C84B2404ED2C00183949 /* Assets.xcassets in Resources */ = {isa = PBXBuildFile; fileRef = 5246C84A2404ED2C00183949 /* Assets.xcassets */; };
		5246C84E2404ED2C00183949 /* LaunchScreen.storyboard in Resources */ = {isa = PBXBuildFile; fileRef = 5246C84C2404ED2C00183949 /* LaunchScreen.storyboard */; };
		5246C8592404ED2D00183949 /* wiproTests.swift in Sources */ = {isa = PBXBuildFile; fileRef = 5246C8582404ED2D00183949 /* wiproTests.swift */; };
		5246C8642404ED2D00183949 /* wiproUITests.swift in Sources */ = {isa = PBXBuildFile; fileRef = 5246C8632404ED2D00183949 /* wiproUITests.swift */; };
/* End PBXBuildFile section */

/* Begin PBXContainerItemProxy section */
		5246C8552404ED2D00183949 /* PBXContainerItemProxy */ = {
			isa = PBXContainerItemProxy;
			containerPortal = 5246C8332404ED2A00183949 /* Project object */;
			proxyType = 1;
			remoteGlobalIDString = 5246C83A2404ED2A00183949;
			remoteInfo = wipro;
		};
		5246C8602404ED2D00183949 /* PBXContainerItemProxy */ = {
			isa = PBXContainerItemProxy;
			containerPortal = 5246C8332404ED2A00183949 /* Project object */;
			proxyType = 1;
			remoteGlobalIDString = 5246C83A2404ED2A00183949;
			remoteInfo = wipro;
		};
/* End PBXContainerItemProxy section */

/* Begin PBXFileReference section */
		5246C83B2404ED2A00183949 /* wipro.app */ = {isa = PBXFileReference; explicitFileType = wrapper.application; includeInIndex = 0; path = wipro.app; sourceTree = BUILT_PRODUCTS_DIR; };
		5246C83E2404ED2A00183949 /* AppDelegate.swift */ = {isa = PBXFileReference; lastKnownFileType = sourcecode.swift; path = AppDelegate.swift; sourceTree = "<group>"; };
		5246C8402404ED2A00183949 /* SceneDelegate.swift */ = {isa = PBXFileReference; lastKnownFileType = sourcecode.swift; path = SceneDelegate.swift; sourceTree = "<group>"; };
		5246C8422404ED2A00183949 /* ViewController.swift */ = {isa = PBXFileReference; lastKnownFileType = sourcecode.swift; path = ViewController.swift; sourceTree = "<group>"; };
		5246C8452404ED2A00183949 /* Base */ = {isa = PBXFileReference; lastKnownFileType = file.storyboard; name = Base; path = Base.lproj/Main.storyboard; sourceTree = "<group>"; };
		5246C8482404ED2A00183949 /* wipro.xcdatamodel */ = {isa = PBXFileReference; lastKnownFileType = wrapper.xcdatamodel; path = wipro.xcdatamodel; sourceTree = "<group>"; };
		5246C84A2404ED2C00183949 /* Assets.xcassets */ = {isa = PBXFileReference; lastKnownFileType = folder.assetcatalog; path = Assets.xcassets; sourceTree = "<group>"; };
		5246C84D2404ED2C00183949 /* Base */ = {isa = PBXFileReference; lastKnownFileType = file.storyboard; name = Base; path = Base.lproj/LaunchScreen.storyboard; sourceTree = "<group>"; };
		5246C84F2404ED2C00183949 /* Info.plist */ = {isa = PBXFileReference; lastKnownFileType = text.plist.xml; path = Info.plist; sourceTree = "<group>"; };
		5246C8542404ED2D00183949 /* wiproTests.xctest */ = {isa = PBXFileReference; explicitFileType = wrapper.cfbundle; includeInIndex = 0; path = wiproTests.xctest; sourceTree = BUILT_PRODUCTS_DIR; };
		5246C8582404ED2D00183949 /* wiproTests.swift */ = {isa = PBXFileReference; lastKnownFileType = sourcecode.swift; path = wiproTests.swift; sourceTree = "<group>"; };
		5246C85A2404ED2D00183949 /* Info.plist */ = {isa = PBXFileReference; lastKnownFileType = text.plist.xml; path = Info.plist; sourceTree = "<group>"; };
		5246C85F2404ED2D00183949 /* wiproUITests.xctest */ = {isa = PBXFileReference; explicitFileType = wrapper.cfbundle; includeInIndex = 0; path = wiproUITests.xctest; sourceTree = BUILT_PRODUCTS_DIR; };
		5246C8632404ED2D00183949 /* wiproUITests.swift */ = {isa = PBXFileReference; lastKnownFileType = sourcecode.swift; path = wiproUITests.swift; sourceTree = "<group>"; };
		5246C8652404ED2D00183949 /* Info.plist */ = {isa = PBXFileReference; lastKnownFileType = text.plist.xml; path = Info.plist; sourceTree = "<group>"; };
/* End PBXFileReference section */

/* Begin PBXFrameworksBuildPhase section */
		5246C8382404ED2A00183949 /* Frameworks */ = {
			isa = PBXFrameworksBuildPhase;
			buildActionMask = 2147483647;
			files = (
			);
			runOnlyForDeploymentPostprocessing = 0;
		};
		5246C8512404ED2D00183949 /* Frameworks */ = {
			isa = PBXFrameworksBuildPhase;
			buildActionMask = 2147483647;
			files = (
			);
			runOnlyForDeploymentPostprocessing = 0;
		};
		5246C85C2404ED2D00183949 /* Frameworks */ = {
			isa = PBXFrameworksBuildPhase;
			buildActionMask = 2147483647;
			files = (
			);
			runOnlyForDeploymentPostprocessing = 0;
		};
/* End PBXFrameworksBuildPhase section */

/* Begin PBXGroup section */
		5246C8322404ED2A00183949 = {
			isa = PBXGroup;
			children = (
				5246C83D2404ED2A00183949 /* wipro */,
				5246C8572404ED2D00183949 /* wiproTests */,
				5246C8622404ED2D00183949 /* wiproUITests */,
				5246C83C2404ED2A00183949 /* Products */,
			);
			sourceTree = "<group>";
		};
		5246C83C2404ED2A00183949 /* Products */ = {
			isa = PBXGroup;
			children = (
				5246C83B2404ED2A00183949 /* wipro.app */,
				5246C8542404ED2D00183949 /* wiproTests.xctest */,
				5246C85F2404ED2D00183949 /* wiproUITests.xctest */,
			);
			name = Products;
			sourceTree = "<group>";
		};
		5246C83D2404ED2A00183949 /* wipro */ = {
			isa = PBXGroup;
			children = (
				5246C83E2404ED2A00183949 /* AppDelegate.swift */,
				5246C8402404ED2A00183949 /* SceneDelegate.swift */,
				5246C8422404ED2A00183949 /* ViewController.swift */,
				5246C8442404ED2A00183949 /* Main.storyboard */,
				5246C84A2404ED2C00183949 /* Assets.xcassets */,
				5246C84C2404ED2C00183949 /* LaunchScreen.storyboard */,
				5246C84F2404ED2C00183949 /* Info.plist */,
				5246C8472404ED2A00183949 /* wipro.xcdatamodeld */,
			);
			path = wipro;
			sourceTree = "<group>";
		};
		5246C8572404ED2D00183949 /* wiproTests */ = {
			isa = PBXGroup;
			children = (
				5246C8582404ED2D00183949 /* wiproTests.swift */,
				5246C85A2404ED2D00183949 /* Info.plist */,
			);
			path = wiproTests;
			sourceTree = "<group>";
		};
		5246C8622404ED2D00183949 /* wiproUITests */ = {
			isa = PBXGroup;
			children = (
				5246C8632404ED2D00183949 /* wiproUITests.swift */,
				5246C8652404ED2D00183949 /* Info.plist */,
			);
			path = wiproUITests;
			sourceTree = "<group>";
		};
/* End PBXGroup section */

/* Begin PBXNativeTarget section */
		5246C83A2404ED2A00183949 /* wipro */ = {
			isa = PBXNativeTarget;
			buildConfigurationList = 5246C8682404ED2D00183949 /* Build configuration list for PBXNativeTarget "wipro" */;
			buildPhases = (
				5246C8372404ED2A00183949 /* Sources */,
				5246C8382404ED2A00183949 /* Frameworks */,
				5246C8392404ED2A00183949 /* Resources */,
			);
			buildRules = (
			);
			dependencies = (
			);
			name = wipro;
			productName = wipro;
			productReference = 5246C83B2404ED2A00183949 /* wipro.app */;
			productType = "com.apple.product-type.application";
		};
		5246C8532404ED2D00183949 /* wiproTests */ = {
			isa = PBXNativeTarget;
			buildConfigurationList = 5246C86B2404ED2D00183949 /* Build configuration list for PBXNativeTarget "wiproTests" */;
			buildPhases = (
				5246C8502404ED2D00183949 /* Sources */,
				5246C8512404ED2D00183949 /* Frameworks */,
				5246C8522404ED2D00183949 /* Resources */,
			);
			buildRules = (
			);
			dependencies = (
				5246C8562404ED2D00183949 /* PBXTargetDependency */,
			);
			name = wiproTests;
			productName = wiproTests;
			productReference = 5246C8542404ED2D00183949 /* wiproTests.xctest */;
			productType = "com.apple.product-type.bundle.unit-test";
		};
		5246C85E2404ED2D00183949 /* wiproUITests */ = {
			isa = PBXNativeTarget;
			buildConfigurationList = 5246C86E2404ED2D00183949 /* Build configuration list for PBXNativeTarget "wiproUITests" */;
			buildPhases = (
				5246C85B2404ED2D00183949 /* Sources */,
				5246C85C2404ED2D00183949 /* Frameworks */,
				5246C85D2404ED2D00183949 /* Resources */,
			);
			buildRules = (
			);
			dependencies = (
				5246C8612404ED2D00183949 /* PBXTargetDependency */,
			);
			name = wiproUITests;
			productName = wiproUITests;
			productReference = 5246C85F2404ED2D00183949 /* wiproUITests.xctest */;
			productType = "com.apple.product-type.bundle.ui-testing";
		};
/* End PBXNativeTarget section */

/* Begin PBXProject section */
		5246C8332404ED2A00183949 /* Project object */ = {
			isa = PBXProject;
			attributes = {
				LastSwiftUpdateCheck = 1130;
				LastUpgradeCheck = 1130;
				ORGANIZATIONNAME = John;
				TargetAttributes = {
					5246C83A2404ED2A00183949 = {
						CreatedOnToolsVersion = 11.3.1;
					};
					5246C8532404ED2D00183949 = {
						CreatedOnToolsVersion = 11.3.1;
						TestTargetID = 5246C83A2404ED2A00183949;
					};
					5246C85E2404ED2D00183949 = {
						CreatedOnToolsVersion = 11.3.1;
						TestTargetID = 5246C83A2404ED2A00183949;
					};
				};
			};
			buildConfigurationList = 5246C8362404ED2A00183949 /* Build configuration list for PBXProject "wipro" */;
			compatibilityVersion = "Xcode 9.3";
			developmentRegion = en;
			hasScannedForEncodings = 0;
			knownRegions = (
				en,
				Base,
			);
			mainGroup = 5246C8322404ED2A00183949;
			productRefGroup = 5246C83C2404ED2A00183949 /* Products */;
			projectDirPath = "";
			projectRoot = "";
			targets = (
				5246C83A2404ED2A00183949 /* wipro */,
				5246C8532404ED2D00183949 /* wiproTests */,
				5246C85E2404ED2D00183949 /* wiproUITests */,
			);
		};
/* End PBXProject section */

/* Begin PBXResourcesBuildPhase section */
		5246C8392404ED2A00183949 /* Resources */ = {
			isa = PBXResourcesBuildPhase;
			buildActionMask = 2147483647;
			files = (
				5246C84E2404ED2C00183949 /* LaunchScreen.storyboard in Resources */,
				5246C84B2404ED2C00183949 /* Assets.xcassets in Resources */,
				5246C8462404ED2A00183949 /* Main.storyboard in Resources */,
			);
			runOnlyForDeploymentPostprocessing = 0;
		};
		5246C8522404ED2D00183949 /* Resources */ = {
			isa = PBXResourcesBuildPhase;
			buildActionMask = 2147483647;
			files = (
			);
			runOnlyForDeploymentPostprocessing = 0;
		};
		5246C85D2404ED2D00183949 /* Resources */ = {
			isa = PBXResourcesBuildPhase;
			buildActionMask = 2147483647;
			files = (
			);
			runOnlyForDeploymentPostprocessing = 0;
		};
/* End PBXResourcesBuildPhase section */

/* Begin PBXSourcesBuildPhase section */
		5246C8372404ED2A00183949 /* Sources */ = {
			isa = PBXSourcesBuildPhase;
			buildActionMask = 2147483647;
			files = (
				5246C8432404ED2A00183949 /* ViewController.swift in Sources */,
				5246C83F2404ED2A00183949 /* AppDelegate.swift in Sources */,
				5246C8412404ED2A00183949 /* SceneDelegate.swift in Sources */,
				5246C8492404ED2A00183949 /* wipro.xcdatamodeld in Sources */,
			);
			runOnlyForDeploymentPostprocessing = 0;
		};
		5246C8502404ED2D00183949 /* Sources */ = {
			isa = PBXSourcesBuildPhase;
			buildActionMask = 2147483647;
			files = (
				5246C8592404ED2D00183949 /* wiproTests.swift in Sources */,
			);
			runOnlyForDeploymentPostprocessing = 0;
		};
		5246C85B2404ED2D00183949 /* Sources */ = {
			isa = PBXSourcesBuildPhase;
			buildActionMask = 2147483647;
			files = (
				5246C8642404ED2D00183949 /* wiproUITests.swift in Sources */,
			);
			runOnlyForDeploymentPostprocessing = 0;
		};
/* End PBXSourcesBuildPhase section */

/* Begin PBXTargetDependency section */
		5246C8562404ED2D00183949 /* PBXTargetDependency */ = {
			isa = PBXTargetDependency;
			target = 5246C83A2404ED2A00183949 /* wipro */;
			targetProxy = 5246C8552404ED2D00183949 /* PBXContainerItemProxy */;
		};
		5246C8612404ED2D00183949 /* PBXTargetDependency */ = {
			isa = PBXTargetDependency;
			target = 5246C83A2404ED2A00183949 /* wipro */;
			targetProxy = 5246C8602404ED2D00183949 /* PBXContainerItemProxy */;
		};
/* End PBXTargetDependency section */

/* Begin PBXVariantGroup section */
		5246C8442404ED2A00183949 /* Main.storyboard */ = {
			isa = PBXVariantGroup;
			children = (
				5246C8452404ED2A00183949 /* Base */,
			);
			name = Main.storyboard;
			sourceTree = "<group>";
		};
		5246C84C2404ED2C00183949 /* LaunchScreen.storyboard */ = {
			isa = PBXVariantGroup;
			children = (
				5246C84D2404ED2C00183949 /* Base */,
			);
			name = LaunchScreen.storyboard;
			sourceTree = "<group>";
		};
/* End PBXVariantGroup section */

/* Begin XCBuildConfiguration section */
		5246C8662404ED2D00183949 /* Debug */ = {
			isa = XCBuildConfiguration;
			buildSettings = {
				ALWAYS_SEARCH_USER_PATHS = NO;
				CLANG_ANALYZER_NONNULL = YES;
				CLANG_ANALYZER_NUMBER_OBJECT_CONVERSION = YES_AGGRESSIVE;
				CLANG_CXX_LANGUAGE_STANDARD = "gnu++14";
				CLANG_CXX_LIBRARY = "libc++";
				CLANG_ENABLE_MODULES = YES;
				CLANG_ENABLE_OBJC_ARC = YES;
				CLANG_ENABLE_OBJC_WEAK = YES;
				CLANG_WARN_BLOCK_CAPTURE_AUTORELEASING = YES;
				CLANG_WARN_BOOL_CONVERSION = YES;
				CLANG_WARN_COMMA = YES;
				CLANG_WARN_CONSTANT_CONVERSION = YES;
				CLANG_WARN_DEPRECATED_OBJC_IMPLEMENTATIONS = YES;
				CLANG_WARN_DIRECT_OBJC_ISA_USAGE = YES_ERROR;
				CLANG_WARN_DOCUMENTATION_COMMENTS = YES;
				CLANG_WARN_EMPTY_BODY = YES;
				CLANG_WARN_ENUM_CONVERSION = YES;
				CLANG_WARN_INFINITE_RECURSION = YES;
				CLANG_WARN_INT_CONVERSION = YES;
				CLANG_WARN_NON_LITERAL_NULL_CONVERSION = YES;
				CLANG_WARN_OBJC_IMPLICIT_RETAIN_SELF = YES;
				CLANG_WARN_OBJC_LITERAL_CONVERSION = YES;
				CLANG_WARN_OBJC_ROOT_CLASS = YES_ERROR;
				CLANG_WARN_RANGE_LOOP_ANALYSIS = YES;
				CLANG_WARN_STRICT_PROTOTYPES = YES;
				CLANG_WARN_SUSPICIOUS_MOVE = YES;
				CLANG_WARN_UNGUARDED_AVAILABILITY = YES_AGGRESSIVE;
				CLANG_WARN_UNREACHABLE_CODE = YES;
				CLANG_WARN__DUPLICATE_METHOD_MATCH = YES;
				COPY_PHASE_STRIP = NO;
				DEBUG_INFORMATION_FORMAT = dwarf;
				ENABLE_STRICT_OBJC_MSGSEND = YES;
				ENABLE_TESTABILITY = YES;
				GCC_C_LANGUAGE_STANDARD = gnu11;
				GCC_DYNAMIC_NO_PIC = NO;
				GCC_NO_COMMON_BLOCKS = YES;
				GCC_OPTIMIZATION_LEVEL = 0;
				GCC_PREPROCESSOR_DEFINITIONS = (
					"DEBUG=1",
					"$(inherited)",
				);
				GCC_WARN_64_TO_32_BIT_CONVERSION = YES;
				GCC_WARN_ABOUT_RETURN_TYPE = YES_ERROR;
				GCC_WARN_UNDECLARED_SELECTOR = YES;
				GCC_WARN_UNINITIALIZED_AUTOS = YES_AGGRESSIVE;
				GCC_WARN_UNUSED_FUNCTION = YES;
				GCC_WARN_UNUSED_VARIABLE = YES;
				IPHONEOS_DEPLOYMENT_TARGET = 13.2;
				MTL_ENABLE_DEBUG_INFO = INCLUDE_SOURCE;
				MTL_FAST_MATH = YES;
				ONLY_ACTIVE_ARCH = YES;
				SDKROOT = iphoneos;
				SWIFT_ACTIVE_COMPILATION_CONDITIONS = DEBUG;
				SWIFT_OPTIMIZATION_LEVEL = "-Onone";
			};
			name = Debug;
		};
		5246C8672404ED2D00183949 /* Release */ = {
			isa = XCBuildConfiguration;
			buildSettings = {
				ALWAYS_SEARCH_USER_PATHS = NO;
				CLANG_ANALYZER_NONNULL = YES;
				CLANG_ANALYZER_NUMBER_OBJECT_CONVERSION = YES_AGGRESSIVE;
				CLANG_CXX_LANGUAGE_STANDARD = "gnu++14";
				CLANG_CXX_LIBRARY = "libc++";
				CLANG_ENABLE_MODULES = YES;
				CLANG_ENABLE_OBJC_ARC = YES;
				CLANG_ENABLE_OBJC_WEAK = YES;
				CLANG_WARN_BLOCK_CAPTURE_AUTORELEASING = YES;
				CLANG_WARN_BOOL_CONVERSION = YES;
				CLANG_WARN_COMMA = YES;
				CLANG_WARN_CONSTANT_CONVERSION = YES;
				CLANG_WARN_DEPRECATED_OBJC_IMPLEMENTATIONS = YES;
				CLANG_WARN_DIRECT_OBJC_ISA_USAGE = YES_ERROR;
				CLANG_WARN_DOCUMENTATION_COMMENTS = YES;
				CLANG_WARN_EMPTY_BODY = YES;
				CLANG_WARN_ENUM_CONVERSION = YES;
				CLANG_WARN_INFINITE_RECURSION = YES;
				CLANG_WARN_INT_CONVERSION = YES;
				CLANG_WARN_NON_LITERAL_NULL_CONVERSION = YES;
				CLANG_WARN_OBJC_IMPLICIT_RETAIN_SELF = YES;
				CLANG_WARN_OBJC_LITERAL_CONVERSION = YES;
				CLANG_WARN_OBJC_ROOT_CLASS = YES_ERROR;
				CLANG_WARN_RANGE_LOOP_ANALYSIS = YES;
				CLANG_WARN_STRICT_PROTOTYPES = YES;
				CLANG_WARN_SUSPICIOUS_MOVE = YES;
				CLANG_WARN_UNGUARDED_AVAILABILITY = YES_AGGRESSIVE;
				CLANG_WARN_UNREACHABLE_CODE = YES;
				CLANG_WARN__DUPLICATE_METHOD_MATCH = YES;
				COPY_PHASE_STRIP = NO;
				DEBUG_INFORMATION_FORMAT = "dwarf-with-dsym";
				ENABLE_NS_ASSERTIONS = NO;
				ENABLE_STRICT_OBJC_MSGSEND = YES;
				GCC_C_LANGUAGE_STANDARD = gnu11;
				GCC_NO_COMMON_BLOCKS = YES;
				GCC_WARN_64_TO_32_BIT_CONVERSION = YES;
				GCC_WARN_ABOUT_RETURN_TYPE = YES_ERROR;
				GCC_WARN_UNDECLARED_SELECTOR = YES;
				GCC_WARN_UNINITIALIZED_AUTOS = YES_AGGRESSIVE;
				GCC_WARN_UNUSED_FUNCTION = YES;
				GCC_WARN_UNUSED_VARIABLE = YES;
				IPHONEOS_DEPLOYMENT_TARGET = 13.2;
				MTL_ENABLE_DEBUG_INFO = NO;
				MTL_FAST_MATH = YES;
				SDKROOT = iphoneos;
				SWIFT_COMPILATION_MODE = wholemodule;
				SWIFT_OPTIMIZATION_LEVEL = "-O";
				VALIDATE_PRODUCT = YES;
			};
			name = Release;
		};
		5246C8692404ED2D00183949 /* Debug */ = {
			isa = XCBuildConfiguration;
			buildSettings = {
				ASSETCATALOG_COMPILER_APPICON_NAME = AppIcon;
				CODE_SIGN_STYLE = Automatic;
				DEVELOPMENT_TEAM = BAASAW649N;
				INFOPLIST_FILE = wipro/Info.plist;
				LD_RUNPATH_SEARCH_PATHS = (
					"$(inherited)",
					"@executable_path/Frameworks",
				);
				PRODUCT_BUNDLE_IDENTIFIER = com.jeplin.wipro;
				PRODUCT_NAME = "$(TARGET_NAME)";
				SWIFT_VERSION = 5.0;
				TARGETED_DEVICE_FAMILY = "1,2";
			};
			name = Debug;
		};
		5246C86A2404ED2D00183949 /* Release */ = {
			isa = XCBuildConfiguration;
			buildSettings = {
				ASSETCATALOG_COMPILER_APPICON_NAME = AppIcon;
				CODE_SIGN_STYLE = Automatic;
				DEVELOPMENT_TEAM = BAASAW649N;
				INFOPLIST_FILE = wipro/Info.plist;
				LD_RUNPATH_SEARCH_PATHS = (
					"$(inherited)",
					"@executable_path/Frameworks",
				);
				PRODUCT_BUNDLE_IDENTIFIER = com.jeplin.wipro;
				PRODUCT_NAME = "$(TARGET_NAME)";
				SWIFT_VERSION = 5.0;
				TARGETED_DEVICE_FAMILY = "1,2";
			};
			name = Release;
		};
		5246C86C2404ED2D00183949 /* Debug */ = {
			isa = XCBuildConfiguration;
			buildSettings = {
				ALWAYS_EMBED_SWIFT_STANDARD_LIBRARIES = YES;
				BUNDLE_LOADER = "$(TEST_HOST)";
				CODE_SIGN_STYLE = Automatic;
				DEVELOPMENT_TEAM = BAASAW649N;
				INFOPLIST_FILE = wiproTests/Info.plist;
				IPHONEOS_DEPLOYMENT_TARGET = 13.2;
				LD_RUNPATH_SEARCH_PATHS = (
					"$(inherited)",
					"@executable_path/Frameworks",
					"@loader_path/Frameworks",
				);
				PRODUCT_BUNDLE_IDENTIFIER = com.jeplin.wiproTests;
				PRODUCT_NAME = "$(TARGET_NAME)";
				SWIFT_VERSION = 5.0;
				TARGETED_DEVICE_FAMILY = "1,2";
				TEST_HOST = "$(BUILT_PRODUCTS_DIR)/wipro.app/wipro";
			};
			name = Debug;
		};
		5246C86D2404ED2D00183949 /* Release */ = {
			isa = XCBuildConfiguration;
			buildSettings = {
				ALWAYS_EMBED_SWIFT_STANDARD_LIBRARIES = YES;
				BUNDLE_LOADER = "$(TEST_HOST)";
				CODE_SIGN_STYLE = Automatic;
				DEVELOPMENT_TEAM = BAASAW649N;
				INFOPLIST_FILE = wiproTests/Info.plist;
				IPHONEOS_DEPLOYMENT_TARGET = 13.2;
				LD_RUNPATH_SEARCH_PATHS = (
					"$(inherited)",
					"@executable_path/Frameworks",
					"@loader_path/Frameworks",
				);
				PRODUCT_BUNDLE_IDENTIFIER = com.jeplin.wiproTests;
				PRODUCT_NAME = "$(TARGET_NAME)";
				SWIFT_VERSION = 5.0;
				TARGETED_DEVICE_FAMILY = "1,2";
				TEST_HOST = "$(BUILT_PRODUCTS_DIR)/wipro.app/wipro";
			};
			name = Release;
		};
		5246C86F2404ED2D00183949 /* Debug */ = {
			isa = XCBuildConfiguration;
			buildSettings = {
				ALWAYS_EMBED_SWIFT_STANDARD_LIBRARIES = YES;
				CODE_SIGN_STYLE = Automatic;
				DEVELOPMENT_TEAM = BAASAW649N;
				INFOPLIST_FILE = wiproUITests/Info.plist;
				LD_RUNPATH_SEARCH_PATHS = (
					"$(inherited)",
					"@executable_path/Frameworks",
					"@loader_path/Frameworks",
				);
				PRODUCT_BUNDLE_IDENTIFIER = com.jeplin.wiproUITests;
				PRODUCT_NAME = "$(TARGET_NAME)";
				SWIFT_VERSION = 5.0;
				TARGETED_DEVICE_FAMILY = "1,2";
				TEST_TARGET_NAME = wipro;
			};
			name = Debug;
		};
		5246C8702404ED2D00183949 /* Release */ = {
			isa = XCBuildConfiguration;
			buildSettings = {
				ALWAYS_EMBED_SWIFT_STANDARD_LIBRARIES = YES;
				CODE_SIGN_STYLE = Automatic;
				DEVELOPMENT_TEAM = BAASAW649N;
				INFOPLIST_FILE = wiproUITests/Info.plist;
				LD_RUNPATH_SEARCH_PATHS = (
					"$(inherited)",
					"@executable_path/Frameworks",
					"@loader_path/Frameworks",
				);
				PRODUCT_BUNDLE_IDENTIFIER = com.jeplin.wiproUITests;
				PRODUCT_NAME = "$(TARGET_NAME)";
				SWIFT_VERSION = 5.0;
				TARGETED_DEVICE_FAMILY = "1,2";
				TEST_TARGET_NAME = wipro;
			};
			name = Release;
		};
/* End XCBuildConfiguration section */

/* Begin XCConfigurationList section */
		5246C8362404ED2A00183949 /* Build configuration list for PBXProject "wipro" */ = {
			isa = XCConfigurationList;
			buildConfigurations = (
				5246C8662404ED2D00183949 /* Debug */,
				5246C8672404ED2D00183949 /* Release */,
			);
			defaultConfigurationIsVisible = 0;
			defaultConfigurationName = Release;
		};
		5246C8682404ED2D00183949 /* Build configuration list for PBXNativeTarget "wipro" */ = {
			isa = XCConfigurationList;
			buildConfigurations = (
				5246C8692404ED2D00183949 /* Debug */,
				5246C86A2404ED2D00183949 /* Release */,
			);
			defaultConfigurationIsVisible = 0;
			defaultConfigurationName = Release;
		};
		5246C86B2404ED2D00183949 /* Build configuration list for PBXNativeTarget "wiproTests" */ = {
			isa = XCConfigurationList;
			buildConfigurations = (
				5246C86C2404ED2D00183949 /* Debug */,
				5246C86D2404ED2D00183949 /* Release */,
			);
			defaultConfigurationIsVisible = 0;
			defaultConfigurationName = Release;
		};
		5246C86E2404ED2D00183949 /* Build configuration list for PBXNativeTarget "wiproUITests" */ = {
			isa = XCConfigurationList;
			buildConfigurations = (
				5246C86F2404ED2D00183949 /* Debug */,
				5246C8702404ED2D00183949 /* Release */,
			);
			defaultConfigurationIsVisible = 0;
			defaultConfigurationName = Release;
		};
/* End XCConfigurationList section */

/* Begin XCVersionGroup section */
		5246C8472404ED2A00183949 /* wipro.xcdatamodeld */ = {
			isa = XCVersionGroup;
			children = (
				5246C8482404ED2A00183949 /* wipro.xcdatamodel */,
			);
			currentVersion = 5246C8482404ED2A00183949 /* wipro.xcdatamodel */;
			path = wipro.xcdatamodeld;
			sourceTree = "<group>";
			versionGroupType = wrapper.xcdatamodel;
		};
/* End XCVersionGroup section */
	};
	rootObject = 5246C8332404ED2A00183949 /* Project object */;
}
